{
  "name": "countries.js",
  "version": "1.0.0",
  "lockfileVersion": 1,
  "requires": true,
  "dependencies": {
    "typy": {
      "version": "3.3.0",
      "resolved": "https://registry.npmjs.org/typy/-/typy-3.3.0.tgz",
      "integrity": "sha512-Du53deMF9X9pSM3gVXDjLBq14BUfZWSGKfmmR1kTlg953RaIZehfc8fQuoAiW+SRO6bJsP+59mv1tsH8vwKghg=="
    }
  }
}
